
Microsoft Visual Studio Solution File, Format Version 12.00
# Visual Studio 15
VisualStudioVersion = 15.0.27004.2008
MinimumVisualStudioVersion = 10.0.40219.1
Project("{FAE04EC0-301F-11D3-BF4B-00C04F79EFBC}") = "APproject1", "APproject1\APproject1.csproj", "{36F2D49E-812E-4215-B8B5-AD4EB0B63BF4}"
EndProject
Project("{FAE04EC0-301F-11D3-BF4B-00C04F79EFBC}") = "LogicLayer", "LogicLayer\LogicLayer.csproj", "{088C4913-3D73-41FD-8462-C641DD5D94FA}"
EndProject
Project("{FAE04EC0-301F-11D3-BF4B-00C04F79EFBC}") = "Globals", "Globals\Globals.csproj", "{1860F85B-A352-4F69-AA2C-6645F8A2FBA7}"
EndProject
Project("{FAE04EC0-301F-11D3-BF4B-00C04F79EFBC}") = "DataLayer", "DataLayer\DataLayer.csproj", "{EC5FB3EA-8AB4-48CB-8045-FCDB78D2EAC3}"
EndProject
Global
	GlobalSection(SolutionConfigurationPlatforms) = preSolution
		Debug|Any CPU = Debug|Any CPU
		Release|Any CPU = Release|Any CPU
	EndGlobalSection
	GlobalSection(ProjectConfigurationPlatforms) = postSolution
		{36F2D49E-812E-4215-B8B5-AD4EB0B63BF4}.Debug|Any CPU.ActiveCfg = Debug|Any CPU
		{36F2D49E-812E-4215-B8B5-AD4EB0B63BF4}.Debug|Any CPU.Build.0 = Debug|Any CPU
		{36F2D49E-812E-4215-B8B5-AD4EB0B63BF4}.Release|Any CPU.ActiveCfg = Release|Any CPU
		{36F2D49E-812E-4215-B8B5-AD4EB0B63BF4}.Release|Any CPU.Build.0 = Release|Any CPU
		{088C4913-3D73-41FD-8462-C641DD5D94FA}.Debug|Any CPU.ActiveCfg = Debug|Any CPU
		{088C4913-3D73-41FD-8462-C641DD5D94FA}.Debug|Any CPU.Build.0 = Debug|Any CPU
		{088C4913-3D73-41FD-8462-C641DD5D94FA}.Release|Any CPU.ActiveCfg = Release|Any CPU
		{088C4913-3D73-41FD-8462-C641DD5D94FA}.Release|Any CPU.Build.0 = Release|Any CPU
		{1860F85B-A352-4F69-AA2C-6645F8A2FBA7}.Debug|Any CPU.ActiveCfg = Debug|Any CPU
		{1860F85B-A352-4F69-AA2C-6645F8A2FBA7}.Debug|Any CPU.Build.0 = Debug|Any CPU
		{1860F85B-A352-4F69-AA2C-6645F8A2FBA7}.Release|Any CPU.ActiveCfg = Release|Any CPU
		{1860F85B-A352-4F69-AA2C-6645F8A2FBA7}.Release|Any CPU.Build.0 = Release|Any CPU
		{EC5FB3EA-8AB4-48CB-8045-FCDB78D2EAC3}.Debug|Any CPU.ActiveCfg = Debug|Any CPU
		{EC5FB3EA-8AB4-48CB-8045-FCDB78D2EAC3}.Debug|Any CPU.Build.0 = Debug|Any CPU
		{EC5FB3EA-8AB4-48CB-8045-FCDB78D2EAC3}.Release|Any CPU.ActiveCfg = Release|Any CPU
		{EC5FB3EA-8AB4-48CB-8045-FCDB78D2EAC3}.Release|Any CPU.Build.0 = Release|Any CPU
	EndGlobalSection
	GlobalSection(SolutionProperties) = preSolution
		HideSolutionNode = FALSE
	EndGlobalSection
	GlobalSection(ExtensibilityGlobals) = postSolution
		SolutionGuid = {1DBD3489-0711-4F1C-8B53-A1FD95AFDCE2}
	EndGlobalSection
EndGlobal
